
Microsoft Visual Studio Solution File, Format Version 12.00
# Visual Studio 2013
VisualStudioVersion = 12.0.21005.1
MinimumVisualStudioVersion = 10.0.40219.1
Project("{FAE04EC0-301F-11D3-BF4B-00C04F79EFBC}") = "RachanaGitWebsite", "RachanaGitWebsite\RachanaGitWebsite.csproj", "{3767BC1C-9BCE-41F2-9E97-B1CE664D389C}"
EndProject
Global
	GlobalSection(SolutionConfigurationPlatforms) = preSolution
		Debug|Any CPU = Debug|Any CPU
		Release|Any CPU = Release|Any CPU
	EndGlobalSection
	GlobalSection(ProjectConfigurationPlatforms) = postSolution
		{3767BC1C-9BCE-41F2-9E97-B1CE664D389C}.Debug|Any CPU.ActiveCfg = Debug|Any CPU
		{3767BC1C-9BCE-41F2-9E97-B1CE664D389C}.Debug|Any CPU.Build.0 = Debug|Any CPU
		{3767BC1C-9BCE-41F2-9E97-B1CE664D389C}.Release|Any CPU.ActiveCfg = Release|Any CPU
		{3767BC1C-9BCE-41F2-9E97-B1CE664D389C}.Release|Any CPU.Build.0 = Release|Any CPU
	EndGlobalSection
	GlobalSection(SolutionProperties) = preSolution
		HideSolutionNode = FALSE
	EndGlobalSection
EndGlobal
